PODS:
  - Flutter (1.0.0)
  - Usercentrics (2.7.2)
  - usercentrics_sdk (2.7.2):
    - Flutter
    - UsercentricsUI (= 2.7.2)
  - UsercentricsUI (2.7.2):
    - Usercentrics (= 2.7.2)
  - webview_flutter_wkwebview (0.0.1):
    - Flutter

DEPENDENCIES:
  - Flutter (from `Flutter`)
  - usercentrics_sdk (from `.symlinks/plugins/usercentrics_sdk/ios`)
  - webview_flutter_wkwebview (from `.symlinks/plugins/webview_flutter_wkwebview/ios`)

SPEC REPOS:
  trunk:
    - Usercentrics
    - UsercentricsUI

EXTERNAL SOURCES:
  Flutter:
    :path: Flutter
  usercentrics_sdk:
    :path: ".symlinks/plugins/usercentrics_sdk/ios"
  webview_flutter_wkwebview:
    :path: ".symlinks/plugins/webview_flutter_wkwebview/ios"

SPEC CHECKSUMS:
  Flutter: 50d75fe2f02b26cc09d224853bb45737f8b3214a
  Usercentrics: 4a76fd714544e78e857b880cf4dfe59a04cdaeae
  usercentrics_sdk: 6efd889e9aa06e5d1aa8bae19c4322701c5db826
  UsercentricsUI: 0cd50f4b410b1286c5fdf41508ce3062ef9902d0
  webview_flutter_wkwebview: b7e70ef1ddded7e69c796c7390ee74180182971f

PODFILE CHECKSUM: 723de1cf6e2f18b51eb3426c945e31134a750097

COCOAPODS: 1.11.3
