PODS:
  - Flutter (1.0.0)
  - Usercentrics (2.11.0)
  - usercentrics_sdk (2.11.0):
    - Flutter
    - UsercentricsUI (= 2.11.0)
  - UsercentricsUI (2.11.0):
    - Usercentrics (= 2.11.0)
  - webview_flutter_wkwebview (0.0.1):
    - Flutter

DEPENDENCIES:
  - Flutter (from `Flutter`)
  - usercentrics_sdk (from `.symlinks/plugins/usercentrics_sdk/ios`)
  - webview_flutter_wkwebview (from `.symlinks/plugins/webview_flutter_wkwebview/ios`)

SPEC REPOS:
  trunk:
    - Usercentrics
    - UsercentricsUI

EXTERNAL SOURCES:
  Flutter:
    :path: Flutter
  usercentrics_sdk:
    :path: ".symlinks/plugins/usercentrics_sdk/ios"
  webview_flutter_wkwebview:
    :path: ".symlinks/plugins/webview_flutter_wkwebview/ios"

SPEC CHECKSUMS:
  Flutter: f04841e97a9d0b0a8025694d0796dd46242b2854
  Usercentrics: bf3a1d8954e8df710f1cb9387aef29636c00a497
  usercentrics_sdk: e291feb7c205139cba0c45bc24e50fa30d853acd
  UsercentricsUI: ea7a198579273cf3eac93d0e54caa742ccde3567
  webview_flutter_wkwebview: b7e70ef1ddded7e69c796c7390ee74180182971f

PODFILE CHECKSUM: 723de1cf6e2f18b51eb3426c945e31134a750097

COCOAPODS: 1.12.1
