{
  "pins" : [
    {
      "identity" : "usercentrics-spm-sdk",
      "kind" : "remoteSourceControl",
      "location" : "https://bitbucket.org/usercentricscode/usercentrics-spm-sdk",
      "state" : {
        "revision" : "7da972b0d418dab1cdb54b2a2d4df9a12b625bf8",
        "version" : "2.30.0"
      }
    },
    {
      "identity" : "usercentrics-spm-ui",
      "kind" : "remoteSourceControl",
      "location" : "https://bitbucket.org/usercentricscode/usercentrics-spm-ui",
      "state" : {
        "revision" : "ddae4220d9933d9d098ec142023229315961c5b4",
        "version" : "2.30.0"
      }
    }
  ],
  "version" : 2
}
