{
  "pins" : [
    {
      "identity" : "usercentrics-spm-sdk",
      "kind" : "remoteSourceControl",
      "location" : "https://bitbucket.org/usercentricscode/usercentrics-spm-sdk",
      "state" : {
        "revision" : "fc993ff4ba662e278d0b81e55448238f4b8b5511",
        "version" : "2.32.0"
      }
    },
    {
      "identity" : "usercentrics-spm-ui",
      "kind" : "remoteSourceControl",
      "location" : "https://bitbucket.org/usercentricscode/usercentrics-spm-ui",
      "state" : {
        "revision" : "f0467b78e2ab8ac7124c434f2e7939dbb2a79eb7",
        "version" : "2.32.0"
      }
    }
  ],
  "version" : 2
}
